# This file is automatically @generated by Poetry 1.7.1 and should not be changed by hand.

[[package]]
name = "dnslib"
version = "0.9.24"
description = "Simple library to encode/decode DNS wire-format packets"
optional = false
python-versions = "*"
files = [
    {file = "dnslib-0.9.24-py2-none-any.whl", hash = "sha256:4f26c55603ce9f961b84404f19ff03b3ca4a051eafb2b1e141ef9b96485467c6"},
    {file = "dnslib-0.9.24-py3-none-any.whl", hash = "sha256:39327e695f871574198b76ef506d9691d762b5344e0d66f5f78fefe1df99e7fd"},
    {file = "dnslib-0.9.24.tar.gz", hash = "sha256:ef167868a30d4ce7c90b921279d7ecfb986be8ebc530f3e6050a2ecb68707c76"},
]

[metadata]
lock-version = "2.0"
python-versions = ">=3.11"
content-hash = "3f50700d6a6e946737ea65363311aab1299cb0229c3450853c4e95c15e4d3529"
